
Microsoft Visual Studio Solution File, Format Version 12.00
# Visual Studio Version 17
VisualStudioVersion = 17.3.32811.315
MinimumVisualStudioVersion = 10.0.40219.1
Project("{9A19103F-16F7-4668-BE54-9A1E7A4F7556}") = "Core", "Core\Core.csproj", "{10212515-D23D-4479-82E9-869C7D613190}"
EndProject
Project("{9A19103F-16F7-4668-BE54-9A1E7A4F7556}") = "Server", "Server\Server.csproj", "{3E133F12-D182-4933-B22E-E64B5A397C26}"
EndProject
Project("{9A19103F-16F7-4668-BE54-9A1E7A4F7556}") = "WorkerService", "WorkerService\WorkerService.csproj", "{2C869F90-39AA-48D4-91E1-A21C3DF92FB2}"
EndProject
Project("{2150E333-8FDC-42A3-9474-1A3956D46DE8}") = "Solution Items", "Solution Items", "{1145DB40-4A55-4061-BF92-05F6E894E7B9}"
	ProjectSection(SolutionItems) = preProject
		.editorconfig = .editorconfig
		.gitattributes = .gitattributes
		.gitignore = .gitignore
		azure-pipelines.yml = azure-pipelines.yml
		Directory.Build.props = Directory.Build.props
		LICENSE.txt = LICENSE.txt
		README.md = README.md
	EndProjectSection
EndProject
Project("{9A19103F-16F7-4668-BE54-9A1E7A4F7556}") = "ConsoleApp", "ConsoleApp\ConsoleApp.csproj", "{309F1385-1DF3-46F0-A3BD-11DB5644533C}"
EndProject
Project("{FAE04EC0-301F-11D3-BF4B-00C04F79EFBC}") = "Core.UnitTests", "Core.UnitTests\Core.UnitTests.csproj", "{1A5F3AE4-8F5F-4F87-9B15-543248301E2E}"
EndProject
Global
	GlobalSection(SolutionConfigurationPlatforms) = preSolution
		Debug|Any CPU = Debug|Any CPU
		Release|Any CPU = Release|Any CPU
	EndGlobalSection
	GlobalSection(ProjectConfigurationPlatforms) = postSolution
		{10212515-D23D-4479-82E9-869C7D613190}.Debug|Any CPU.ActiveCfg = Debug|Any CPU
		{10212515-D23D-4479-82E9-869C7D613190}.Debug|Any CPU.Build.0 = Debug|Any CPU
		{10212515-D23D-4479-82E9-869C7D613190}.Release|Any CPU.ActiveCfg = Release|Any CPU
		{10212515-D23D-4479-82E9-869C7D613190}.Release|Any CPU.Build.0 = Release|Any CPU
		{3E133F12-D182-4933-B22E-E64B5A397C26}.Debug|Any CPU.ActiveCfg = Debug|Any CPU
		{3E133F12-D182-4933-B22E-E64B5A397C26}.Debug|Any CPU.Build.0 = Debug|Any CPU
		{3E133F12-D182-4933-B22E-E64B5A397C26}.Release|Any CPU.ActiveCfg = Release|Any CPU
		{3E133F12-D182-4933-B22E-E64B5A397C26}.Release|Any CPU.Build.0 = Release|Any CPU
		{2C869F90-39AA-48D4-91E1-A21C3DF92FB2}.Debug|Any CPU.ActiveCfg = Debug|Any CPU
		{2C869F90-39AA-48D4-91E1-A21C3DF92FB2}.Debug|Any CPU.Build.0 = Debug|Any CPU
		{2C869F90-39AA-48D4-91E1-A21C3DF92FB2}.Release|Any CPU.ActiveCfg = Release|Any CPU
		{2C869F90-39AA-48D4-91E1-A21C3DF92FB2}.Release|Any CPU.Build.0 = Release|Any CPU
		{309F1385-1DF3-46F0-A3BD-11DB5644533C}.Debug|Any CPU.ActiveCfg = Debug|Any CPU
		{309F1385-1DF3-46F0-A3BD-11DB5644533C}.Debug|Any CPU.Build.0 = Debug|Any CPU
		{309F1385-1DF3-46F0-A3BD-11DB5644533C}.Release|Any CPU.ActiveCfg = Release|Any CPU
		{309F1385-1DF3-46F0-A3BD-11DB5644533C}.Release|Any CPU.Build.0 = Release|Any CPU
		{1A5F3AE4-8F5F-4F87-9B15-543248301E2E}.Debug|Any CPU.ActiveCfg = Debug|Any CPU
		{1A5F3AE4-8F5F-4F87-9B15-543248301E2E}.Debug|Any CPU.Build.0 = Debug|Any CPU
		{1A5F3AE4-8F5F-4F87-9B15-543248301E2E}.Release|Any CPU.ActiveCfg = Release|Any CPU
		{1A5F3AE4-8F5F-4F87-9B15-543248301E2E}.Release|Any CPU.Build.0 = Release|Any CPU
	EndGlobalSection
	GlobalSection(SolutionProperties) = preSolution
		HideSolutionNode = FALSE
	EndGlobalSection
	GlobalSection(ExtensibilityGlobals) = postSolution
		SolutionGuid = {89E7135C-872A-410F-9A57-F176868D0A9E}
	EndGlobalSection
EndGlobal
